
Microsoft Visual Studio Solution File, Format Version 12.00
# Visual Studio Version 16
VisualStudioVersion = 16.0.31424.327
MinimumVisualStudioVersion = 10.0.40219.1
Project("{FAE04EC0-301F-11D3-BF4B-00C04F79EFBC}") = "HiApp", "HiApp\HiApp.csproj", "{D42C3148-B671-474E-933A-32BE123EC5F2}"
EndProject
Global
	GlobalSection(SolutionConfigurationPlatforms) = preSolution
		Debug|Any CPU = Debug|Any CPU
		Release|Any CPU = Release|Any CPU
	EndGlobalSection
	GlobalSection(ProjectConfigurationPlatforms) = postSolution
		{D42C3148-B671-474E-933A-32BE123EC5F2}.Debug|Any CPU.ActiveCfg = Debug|Any CPU
		{D42C3148-B671-474E-933A-32BE123EC5F2}.Debug|Any CPU.Build.0 = Debug|Any CPU
		{D42C3148-B671-474E-933A-32BE123EC5F2}.Release|Any CPU.ActiveCfg = Release|Any CPU
		{D42C3148-B671-474E-933A-32BE123EC5F2}.Release|Any CPU.Build.0 = Release|Any CPU
	EndGlobalSection
	GlobalSection(SolutionProperties) = preSolution
		HideSolutionNode = FALSE
	EndGlobalSection
	GlobalSection(ExtensibilityGlobals) = postSolution
		SolutionGuid = {3DE239CA-2BDC-4DB3-9500-5AE3F58F05AA}
	EndGlobalSection
EndGlobal
